{
  "originHash" : "1498e6f863ed73ac0bf94393737c626ed04ab246f6a27ca5dbfbfe8a3494e2ef",
  "pins" : [
    {
      "identity" : "mantis",
      "kind" : "remoteSourceControl",
      "location" : "https://github.com/guoyingtao/Mantis.git",
      "state" : {
        "revision" : "7741ed3ada435b6a4f27d0504c2b65fbace4d7d8",
        "version" : "2.25.0"
      }
    }
  ],
  "version" : 3
}
